{
  "nodes": {
    "100.0": {
      "flake": false,
      "locked": {
        "lastModified": 1652122178,
        "narHash": "sha256-gitVP21/l26hfR+r7+ST2o7pY8ikr2u92n2uzuLgnKs=",
        "owner": "arkenfox",
        "repo": "user.js",
        "rev": "d6b26e75588bcd4311251c68912d3c77b8c6e996",
        "type": "github"
      },
      "original": {
        "owner": "arkenfox",
        "ref": "100.0",
        "repo": "user.js",
        "type": "github"
      }
    },
    "101.0": {
      "flake": false,
      "locked": {
        "lastModified": 1655041107,
        "narHash": "sha256-lGRqHEL9I8VgvSiUjT1DngFCsmEzM8n5J7vIfRj6TZM=",
        "owner": "arkenfox",
        "repo": "user.js",
        "rev": "1a899966a911dc2b69a808095ac7836bef5e214b",
        "type": "github"
      },
      "original": {
        "owner": "arkenfox",
        "ref": "101.0",
        "repo": "user.js",
        "type": "github"
      }
    },
    "102.0": {
      "flake": false,
      "locked": {
        "lastModified": 1656722605,
        "narHash": "sha256-1M1lf3ah4I5KOPlTIZ52uEha8tuQu1wkgkdzEB4iK/0=",
        "owner": "arkenfox",
        "repo": "user.js",
        "rev": "ceacc9dd74086478d43ccf3a4f0bd5befda53a43",
        "type": "github"
      },
      "original": {
        "owner": "arkenfox",
        "ref": "102.0",
        "repo": "user.js",
        "type": "github"
      }
    },
    "103.0": {
      "flake": false,
      "locked": {
        "lastModified": 1660764278,
        "narHash": "sha256-MhlZav86gz8bH1aEWyNFNLnc6T7MBU1d3dGHtG2lEnA=",
        "owner": "arkenfox",
        "repo": "user.js",
        "rev": "0dba33688fe468aca9b58c60910201afb3b89f60",
        "type": "github"
      },
      "original": {
        "owner": "arkenfox",
        "ref": "103.0",
        "repo": "user.js",
        "type": "github"
      }
    },
    "104.0": {
      "flake": false,
      "locked": {
        "lastModified": 1662893183,
        "narHash": "sha256-NyP/kJlV1Ai7os3gMqukKMdRSQ78GAjPCJkZDZtDdeo=",
        "owner": "arkenfox",
        "repo": "user.js",
        "rev": "3f09afdee07c5aea33f6dc4194e1425d6400a0d7",
        "type": "github"
      },
      "original": {
        "owner": "arkenfox",
        "ref": "104.0",
        "repo": "user.js",
        "type": "github"
      }
    },
    "105.0": {
      "flake": false,
      "locked": {
        "lastModified": 1664904885,
        "narHash": "sha256-XUjX+Tno3EU/3IXR/WCn4M5gVR+sKjCzpKcV31dqzWA=",
        "owner": "arkenfox",
        "repo": "user.js",
        "rev": "db04bc44f2982ae8e39f10d056bc7cfe7804d4fd",
        "type": "github"
      },
      "original": {
        "owner": "arkenfox",
        "ref": "105.0",
        "repo": "user.js",
        "type": "github"
      }
    },
    "106.0": {
      "flake": false,
      "locked": {
        "lastModified": 1667741320,
        "narHash": "sha256-WB9w/UoFqp/WyRhe87dNqwbMAXa8lmsK/QCeTzRWmj8=",
        "owner": "arkenfox",
        "repo": "user.js",
        "rev": "8a65c5a7bad0ec764d968b0941ebdf01bdcd2408",
        "type": "github"
      },
      "original": {
        "owner": "arkenfox",
        "ref": "106.0",
        "repo": "user.js",
        "type": "github"
      }
    },
    "107.0": {
      "flake": false,
      "locked": {
        "lastModified": 1668990997,
        "narHash": "sha256-TZKoArzALuCNWNBq3un091eR3uRLAi59z/AZ64Xg3BQ=",
        "owner": "arkenfox",
        "repo": "user.js",
        "rev": "cc0f05388f6c721c358e89372caac604f84fd0d9",
        "type": "github"
      },
      "original": {
        "owner": "arkenfox",
        "ref": "107.0",
        "repo": "user.js",
        "type": "github"
      }
    },
    "108.0": {
      "flake": false,
      "locked": {
        "lastModified": 1673196505,
        "narHash": "sha256-YsQbH6bqp2I52meYf0X0DQpwLlDdu5pK9XHMT/9RqOg=",
        "owner": "arkenfox",
        "repo": "user.js",
        "rev": "62a68f08147123b0c2c288ffdecc3f03e4ab1ae8",
        "type": "github"
      },
      "original": {
        "owner": "arkenfox",
        "ref": "108.0",
        "repo": "user.js",
        "type": "github"
      }
    },
    "109.0": {
      "flake": false,
      "locked": {
        "lastModified": 1675728165,
        "narHash": "sha256-ebSx6DaXoGKcCoK6UcDnWvdAW6J2X6pJRPD1Pw7UNOw=",
        "owner": "arkenfox",
        "repo": "user.js",
        "rev": "73884850632ffe284f76881786f7d5903b917f58",
        "type": "github"
      },
      "original": {
        "owner": "arkenfox",
        "ref": "109.0",
        "repo": "user.js",
        "type": "github"
      }
    },
    "93.0": {
      "flake": false,
      "locked": {
        "lastModified": 1634027026,
        "narHash": "sha256-/ITf8nv/IWR1sKBchPtdkPjZO5OFH9p6FgVbDfBrJc8=",
        "owner": "arkenfox",
        "repo": "user.js",
        "rev": "85438d00e457bff692303af519da618c6372476b",
        "type": "github"
      },
      "original": {
        "owner": "arkenfox",
        "ref": "93.0",
        "repo": "user.js",
        "type": "github"
      }
    },
    "94.0": {
      "flake": false,
      "locked": {
        "lastModified": 1637651503,
        "narHash": "sha256-RvG+GRh8Md1yrTzFniu1G2UpTnOb7KCGDfQmFvdtl58=",
        "owner": "arkenfox",
        "repo": "user.js",
        "rev": "cbfb8abf1544c3e87f412f64a9747bd1dea4a705",
        "type": "github"
      },
      "original": {
        "owner": "arkenfox",
        "ref": "94.0",
        "repo": "user.js",
        "type": "github"
      }
    },
    "95.0": {
      "flake": false,
      "locked": {
        "lastModified": 1638965627,
        "narHash": "sha256-4g1Vu4zF+EtHK123zSxIDP1wYROK2rqS897Kcv2C/cI=",
        "owner": "arkenfox",
        "repo": "user.js",
        "rev": "7e1b92567ca2bb76ad358d0fc786fd60b3cf7970",
        "type": "github"
      },
      "original": {
        "owner": "arkenfox",
        "ref": "95.0",
        "repo": "user.js",
        "type": "github"
      }
    },
    "96.0": {
      "flake": false,
      "locked": {
        "lastModified": 1642736886,
        "narHash": "sha256-P2C59t4DnM11I9GDL9xyc2m8Ml0T8gRuom7UtWykWnk=",
        "owner": "arkenfox",
        "repo": "user.js",
        "rev": "ac0820a5dc00e04fe14fc2a74ba75e590883293c",
        "type": "github"
      },
      "original": {
        "owner": "arkenfox",
        "ref": "96.0",
        "repo": "user.js",
        "type": "github"
      }
    },
    "97.0": {
      "flake": false,
      "locked": {
        "lastModified": 1644750900,
        "narHash": "sha256-Df2D2eBifkZpFklPBbE94AvgAUM/NUAAiuqUzp67Hdo=",
        "owner": "arkenfox",
        "repo": "user.js",
        "rev": "a98b73c64e2e0b505efb6b23d34e6c5d90abe2c8",
        "type": "github"
      },
      "original": {
        "owner": "arkenfox",
        "ref": "97.0",
        "repo": "user.js",
        "type": "github"
      }
    },
    "98.0": {
      "flake": false,
      "locked": {
        "lastModified": 1646873050,
        "narHash": "sha256-HJu+azYJRMW0C5hhU96pkwZxql7Ijpiz2sw9e/JoqR8=",
        "owner": "arkenfox",
        "repo": "user.js",
        "rev": "d9af90d05f477e5e25f8d9f545eeb7fe0a235d2a",
        "type": "github"
      },
      "original": {
        "owner": "arkenfox",
        "ref": "98.0",
        "repo": "user.js",
        "type": "github"
      }
    },
    "99.0": {
      "flake": false,
      "locked": {
        "lastModified": 1649497545,
        "narHash": "sha256-ScO19N/EVpmMzdN2kkfjYIJN7c0CQdZJ9qMZReqMpI4=",
        "owner": "arkenfox",
        "repo": "user.js",
        "rev": "4ff931781a1bf012e0e7e2ec89dc5c2a9bedd890",
        "type": "github"
      },
      "original": {
        "owner": "arkenfox",
        "ref": "99.0",
        "repo": "user.js",
        "type": "github"
      }
    },
    "arkenfox-nixos": {
      "inputs": {
        "100.0": "100.0",
        "101.0": "101.0",
        "102.0": "102.0",
        "103.0": "103.0",
        "104.0": "104.0",
        "105.0": "105.0",
        "106.0": "106.0",
        "107.0": "107.0",
        "108.0": "108.0",
        "109.0": "109.0",
        "93.0": "93.0",
        "94.0": "94.0",
        "95.0": "95.0",
        "96.0": "96.0",
        "97.0": "97.0",
        "98.0": "98.0",
        "99.0": "99.0",
        "flake-compat": "flake-compat",
        "master": "master",
        "nixpkgs": "nixpkgs"
      },
      "locked": {
        "lastModified": 1676881905,
        "narHash": "sha256-Im/KQhk3fJouLmIjUQnEU88mJTwqo9QBx9x2KHARyHo=",
        "owner": "dwarfmaster",
        "repo": "arkenfox-nixos",
        "rev": "b44010831ee47f80327e4f17c3a21e86d3bea8fa",
        "type": "github"
      },
      "original": {
        "owner": "dwarfmaster",
        "repo": "arkenfox-nixos",
        "type": "github"
      }
    },
    "base16": {
      "inputs": {
        "nixpkgs": [
          "stylix",
          "nixpkgs"
        ]
      },
      "locked": {
        "lastModified": 1658847131,
        "narHash": "sha256-X6Mml7cT0YR3WCD5fkUhpRVV5ZPcwdcDsND8r8xMqTE=",
        "owner": "SenchoPens",
        "repo": "base16.nix",
        "rev": "6b404cda2e04ca3cf5ca7b877af9c469e1386acb",
        "type": "github"
      },
      "original": {
        "owner": "SenchoPens",
        "repo": "base16.nix",
        "type": "github"
      }
    },
    "base16-schemes": {
      "flake": false,
      "locked": {
        "lastModified": 1671208311,
        "narHash": "sha256-U9pfie3qABp5sTr3M9ga/jX8C807FeiXlmEZnC4ZM58=",
        "owner": "tinted-theming",
        "repo": "base16-schemes",
        "rev": "cf6bc892a24af19e11383adedc6ce7901f133ea7",
        "type": "github"
      },
      "original": {
        "owner": "tinted-theming",
        "repo": "base16-schemes",
        "type": "github"
      }
    },
    "coricamu": {
      "inputs": {
        "nixpkgs": [
          "stylix",
          "nixpkgs"
        ],
        "utils": "utils_2"
      },
      "locked": {
        "lastModified": 1659649195,
        "narHash": "sha256-wRpMO4Mm4uizR5M71iipdi8ssSYMEPPAIwWyFYnhnco=",
        "owner": "danth",
        "repo": "coricamu",
        "rev": "cdd2f7326efd91509caf84e69b669a7f9e6782bc",
        "type": "github"
      },
      "original": {
        "owner": "danth",
        "repo": "coricamu",
        "type": "github"
      }
    },
    "crane": {
      "inputs": {
        "flake-compat": "flake-compat_2",
        "flake-utils": [
          "lanzaboote",
          "flake-utils"
        ],
        "nixpkgs": [
          "lanzaboote",
          "nixpkgs"
        ],
        "rust-overlay": [
          "lanzaboote",
          "rust-overlay"
        ]
      },
      "locked": {
        "lastModified": 1673056065,
        "narHash": "sha256-a68tMDTDqdAauxq377ALl4Uwm6oh9MeoY2WbTYRWZoo=",
        "owner": "ipetkov",
        "repo": "crane",
        "rev": "0144134311767fcee80213321f079a8ffa0b9cc1",
        "type": "github"
      },
      "original": {
        "owner": "ipetkov",
        "repo": "crane",
        "type": "github"
      }
    },
    "flake-compat": {
      "flake": false,
      "locked": {
        "lastModified": 1673956053,
        "narHash": "sha256-4gtG9iQuiKITOjNQQeQIpoIB6b16fm+504Ch3sNKLd8=",
        "owner": "edolstra",
        "repo": "flake-compat",
        "rev": "35bb57c0c8d8b62bbfd284272c928ceb64ddbde9",
        "type": "github"
      },
      "original": {
        "owner": "edolstra",
        "repo": "flake-compat",
        "type": "github"
      }
    },
    "flake-compat_2": {
      "flake": false,
      "locked": {
        "lastModified": 1668681692,
        "narHash": "sha256-Ht91NGdewz8IQLtWZ9LCeNXMSXHUss+9COoqu6JLmXU=",
        "owner": "edolstra",
        "repo": "flake-compat",
        "rev": "009399224d5e398d03b22badca40a37ac85412a1",
        "type": "github"
      },
      "original": {
        "owner": "edolstra",
        "repo": "flake-compat",
        "type": "github"
      }
    },
    "flake-compat_3": {
      "flake": false,
      "locked": {
        "lastModified": 1668681692,
        "narHash": "sha256-Ht91NGdewz8IQLtWZ9LCeNXMSXHUss+9COoqu6JLmXU=",
        "owner": "edolstra",
        "repo": "flake-compat",
        "rev": "009399224d5e398d03b22badca40a37ac85412a1",
        "type": "github"
      },
      "original": {
        "owner": "edolstra",
        "repo": "flake-compat",
        "type": "github"
      }
    },
    "flake-compat_4": {
      "flake": false,
      "locked": {
        "lastModified": 1668681692,
        "narHash": "sha256-Ht91NGdewz8IQLtWZ9LCeNXMSXHUss+9COoqu6JLmXU=",
        "owner": "edolstra",
        "repo": "flake-compat",
        "rev": "009399224d5e398d03b22badca40a37ac85412a1",
        "type": "github"
      },
      "original": {
        "owner": "edolstra",
        "repo": "flake-compat",
        "type": "github"
      }
    },
    "flake-parts": {
      "inputs": {
        "nixpkgs-lib": "nixpkgs-lib"
      },
      "locked": {
        "lastModified": 1673047662,
        "narHash": "sha256-dXYxH/0Ea5oQSkGAWWNy7HzmFutguycDGn2dt6lTYRQ=",
        "owner": "hercules-ci",
        "repo": "flake-parts",
        "rev": "aa1f6ca773b6e740037ebfb35f7010e0c3960638",
        "type": "github"
      },
      "original": {
        "owner": "hercules-ci",
        "repo": "flake-parts",
        "type": "github"
      }
    },
    "flake-utils": {
      "locked": {
        "lastModified": 1667395993,
        "narHash": "sha256-nuEHfE/LcWyuSWnS8t12N1wc105Qtau+/OdUAjtQ0rA=",
        "owner": "numtide",
        "repo": "flake-utils",
        "rev": "5aed5285a952e0b949eb3ba02c12fa4fcfef535f",
        "type": "github"
      },
      "original": {
        "owner": "numtide",
        "repo": "flake-utils",
        "type": "github"
      }
    },
    "gitignore": {
      "inputs": {
        "nixpkgs": [
          "lanzaboote",
          "pre-commit-hooks-nix",
          "nixpkgs"
        ]
      },
      "locked": {
        "lastModified": 1660459072,
        "narHash": "sha256-8DFJjXG8zqoONA1vXtgeKXy68KdJL5UaXR8NtVMUbx8=",
        "owner": "hercules-ci",
        "repo": "gitignore.nix",
        "rev": "a20de23b925fd8264fd7fad6454652e142fd7f73",
        "type": "github"
      },
      "original": {
        "owner": "hercules-ci",
        "repo": "gitignore.nix",
        "type": "github"
      }
    },
    "home-manager": {
      "inputs": {
        "nixpkgs": [
          "nixpkgs"
        ],
        "utils": "utils"
      },
      "locked": {
        "lastModified": 1677104801,
        "narHash": "sha256-2V5nKOYVFMYlseYdDKiEaww2xqcE0GtS1ax3SoUX99I=",
        "owner": "nix-community",
        "repo": "home-manager",
        "rev": "4295fdfa6b0005c32f2e1f0b732faf5810c1bc7f",
        "type": "github"
      },
      "original": {
        "owner": "nix-community",
        "repo": "home-manager",
        "type": "github"
      }
    },
    "home-manager_2": {
      "inputs": {
        "nixpkgs": [
          "stylix",
          "nixpkgs"
        ],
        "utils": "utils_3"
      },
      "locked": {
        "lastModified": 1658924727,
        "narHash": "sha256-Fhh9FK9CvuCLxG1WkWJPoendDeXKI4gHYTfezo1n2Zg=",
        "owner": "nix-community",
        "repo": "home-manager",
        "rev": "0e2f7876d2f2ae98a67d89a8bef8c49332aae5af",
        "type": "github"
      },
      "original": {
        "owner": "nix-community",
        "repo": "home-manager",
        "type": "github"
      }
    },
    "impermanence": {
      "locked": {
        "lastModified": 1675359654,
        "narHash": "sha256-FPxzuvJkcO49g4zkWLSeuZkln54bLoTtrggZDJBH90I=",
        "owner": "nix-community",
        "repo": "impermanence",
        "rev": "6138eb8e737bffabd4c8fc78ae015d4fd6a7e2fd",
        "type": "github"
      },
      "original": {
        "owner": "nix-community",
        "repo": "impermanence",
        "type": "github"
      }
    },
    "lanzaboote": {
      "inputs": {
        "crane": "crane",
        "flake-compat": "flake-compat_3",
        "flake-parts": "flake-parts",
        "flake-utils": "flake-utils",
        "nixpkgs": [
          "nixpkgs"
        ],
        "nixpkgs-test": "nixpkgs-test",
        "pre-commit-hooks-nix": "pre-commit-hooks-nix",
        "rust-overlay": "rust-overlay"
      },
      "locked": {
        "lastModified": 1677197937,
        "narHash": "sha256-XrzGbOpXZs03ZIXX97PbgFyxNnrOK2qJOAA9mWvRpsg=",
        "owner": "nix-community",
        "repo": "lanzaboote",
        "rev": "ed1676e54425200bb85a82ea66e7f2ed3cbda3e0",
        "type": "github"
      },
      "original": {
        "owner": "nix-community",
        "repo": "lanzaboote",
        "type": "github"
      }
    },
    "master": {
      "flake": false,
      "locked": {
        "lastModified": 1675728165,
        "narHash": "sha256-ebSx6DaXoGKcCoK6UcDnWvdAW6J2X6pJRPD1Pw7UNOw=",
        "owner": "arkenfox",
        "repo": "user.js",
        "rev": "73884850632ffe284f76881786f7d5903b917f58",
        "type": "github"
      },
      "original": {
        "owner": "arkenfox",
        "repo": "user.js",
        "type": "github"
      }
    },
    "nixos-hardware": {
      "locked": {
        "lastModified": 1676924492,
        "narHash": "sha256-78278eyP55JRFe7UCpmFwdkrTY6H2arzTpVeteWo8kM=",
        "owner": "NixOS",
        "repo": "nixos-hardware",
        "rev": "d24ea777c57b69c6b143cf11d83184ef71b0dbbf",
        "type": "github"
      },
      "original": {
        "owner": "NixOS",
        "ref": "master",
        "repo": "nixos-hardware",
        "type": "github"
      }
    },
    "nixpkgs": {
      "locked": {
        "lastModified": 1672580127,
        "narHash": "sha256-3lW3xZslREhJogoOkjeZtlBtvFMyxHku7I/9IVehhT8=",
        "owner": "NixOS",
        "repo": "nixpkgs",
        "rev": "0874168639713f547c05947c76124f78441ea46c",
        "type": "github"
      },
      "original": {
        "id": "nixpkgs",
        "ref": "release-22.05",
        "type": "indirect"
      }
    },
    "nixpkgs-lib": {
      "locked": {
        "dir": "lib",
        "lastModified": 1672350804,
        "narHash": "sha256-jo6zkiCabUBn3ObuKXHGqqORUMH27gYDIFFfLq5P4wg=",
        "owner": "NixOS",
        "repo": "nixpkgs",
        "rev": "677ed08a50931e38382dbef01cba08a8f7eac8f6",
        "type": "github"
      },
      "original": {
        "dir": "lib",
        "owner": "NixOS",
        "ref": "nixos-unstable",
        "repo": "nixpkgs",
        "type": "github"
      }
    },
    "nixpkgs-stable": {
      "locked": {
        "lastModified": 1671271954,
        "narHash": "sha256-cSvu+bnvN08sOlTBWbBrKaBHQZq8mvk8bgpt0ZJ2Snc=",
        "owner": "NixOS",
        "repo": "nixpkgs",
        "rev": "d513b448cc2a6da2c8803e3c197c9fc7e67b19e3",
        "type": "github"
      },
      "original": {
        "owner": "NixOS",
        "ref": "nixos-22.05",
        "repo": "nixpkgs",
        "type": "github"
      }
    },
    "nixpkgs-test": {
      "locked": {
        "lastModified": 1671812130,
        "narHash": "sha256-GALBK+qB9rhnB+lVnxdgtMoXCySXughZZ3+qGO1Ke/k=",
        "owner": "RaitoBezarius",
        "repo": "nixpkgs",
        "rev": "e51bf8cc8e2c75192e930ad83ed272938729e7be",
        "type": "github"
      },
      "original": {
        "owner": "RaitoBezarius",
        "ref": "simplified-qemu-boot-disks",
        "repo": "nixpkgs",
        "type": "github"
      }
    },
    "nixpkgs_2": {
      "locked": {
        "lastModified": 1677063315,
        "narHash": "sha256-qiB4ajTeAOVnVSAwCNEEkoybrAlA+cpeiBxLobHndE8=",
        "owner": "nixos",
        "repo": "nixpkgs",
        "rev": "988cc958c57ce4350ec248d2d53087777f9e1949",
        "type": "github"
      },
      "original": {
        "owner": "nixos",
        "ref": "nixos-unstable",
        "repo": "nixpkgs",
        "type": "github"
      }
    },
    "nixpkgs_3": {
      "locked": {
        "lastModified": 1659102345,
        "narHash": "sha256-Vbzlz254EMZvn28BhpN8JOi5EuKqnHZ3ujFYgFcSGvk=",
        "owner": "NixOS",
        "repo": "nixpkgs",
        "rev": "11b60e4f80d87794a2a4a8a256391b37c59a1ea7",
        "type": "github"
      },
      "original": {
        "owner": "NixOS",
        "ref": "nixpkgs-unstable",
        "repo": "nixpkgs",
        "type": "github"
      }
    },
    "nur": {
      "locked": {
        "lastModified": 1677109511,
        "narHash": "sha256-Uw9toaIUCeUtLCclY3CVT4vq2thjsZ90Ik16RHVSTro=",
        "owner": "nix-community",
        "repo": "NUR",
        "rev": "b4d54c9de9815fb53924433e4e8180e36dc41012",
        "type": "github"
      },
      "original": {
        "owner": "nix-community",
        "repo": "NUR",
        "type": "github"
      }
    },
    "pre-commit-hooks-nix": {
      "inputs": {
        "flake-compat": "flake-compat_4",
        "flake-utils": [
          "lanzaboote",
          "flake-utils"
        ],
        "gitignore": "gitignore",
        "nixpkgs": [
          "lanzaboote",
          "nixpkgs"
        ],
        "nixpkgs-stable": "nixpkgs-stable"
      },
      "locked": {
        "lastModified": 1672912243,
        "narHash": "sha256-QnQeKUjco2kO9J4rBqIBPp5XcOMblIMnmyhpjeaJBYc=",
        "owner": "cachix",
        "repo": "pre-commit-hooks.nix",
        "rev": "a4548c09eac4afb592ab2614f4a150120b29584c",
        "type": "github"
      },
      "original": {
        "owner": "cachix",
        "repo": "pre-commit-hooks.nix",
        "type": "github"
      }
    },
    "root": {
      "inputs": {
        "arkenfox-nixos": "arkenfox-nixos",
        "base16-schemes": "base16-schemes",
        "home-manager": "home-manager",
        "impermanence": "impermanence",
        "lanzaboote": "lanzaboote",
        "nixos-hardware": "nixos-hardware",
        "nixpkgs": "nixpkgs_2",
        "nur": "nur",
        "stylix": "stylix"
      }
    },
    "rust-overlay": {
      "inputs": {
        "flake-utils": [
          "lanzaboote",
          "flake-utils"
        ],
        "nixpkgs": [
          "lanzaboote",
          "nixpkgs"
        ]
      },
      "locked": {
        "lastModified": 1673058265,
        "narHash": "sha256-FFigGHIO9BQeIIKjH5dcpB+ey5CSgfy47wHPGeOhCps=",
        "owner": "oxalica",
        "repo": "rust-overlay",
        "rev": "802ff3314663ec7114f29a6e8b200dfc892023f8",
        "type": "github"
      },
      "original": {
        "owner": "oxalica",
        "repo": "rust-overlay",
        "type": "github"
      }
    },
    "stylix": {
      "inputs": {
        "base16": "base16",
        "coricamu": "coricamu",
        "home-manager": "home-manager_2",
        "nixpkgs": "nixpkgs_3"
      },
      "locked": {
        "lastModified": 1676993498,
        "narHash": "sha256-V2TFkeCnG/SOiv45MxS9Ocggfw15OHncyh0qz3B84Zg=",
        "owner": "danth",
        "repo": "stylix",
        "rev": "f123771bd968cd1ac34a9f655a793de9c7bce7e6",
        "type": "github"
      },
      "original": {
        "owner": "danth",
        "repo": "stylix",
        "type": "github"
      }
    },
    "utils": {
      "locked": {
        "lastModified": 1667395993,
        "narHash": "sha256-nuEHfE/LcWyuSWnS8t12N1wc105Qtau+/OdUAjtQ0rA=",
        "owner": "numtide",
        "repo": "flake-utils",
        "rev": "5aed5285a952e0b949eb3ba02c12fa4fcfef535f",
        "type": "github"
      },
      "original": {
        "owner": "numtide",
        "repo": "flake-utils",
        "type": "github"
      }
    },
    "utils_2": {
      "locked": {
        "lastModified": 1642700792,
        "narHash": "sha256-XqHrk7hFb+zBvRg6Ghl+AZDq03ov6OshJLiSWOoX5es=",
        "owner": "numtide",
        "repo": "flake-utils",
        "rev": "846b2ae0fc4cc943637d3d1def4454213e203cba",
        "type": "github"
      },
      "original": {
        "owner": "numtide",
        "repo": "flake-utils",
        "type": "github"
      }
    },
    "utils_3": {
      "locked": {
        "lastModified": 1653893745,
        "narHash": "sha256-0jntwV3Z8//YwuOjzhV2sgJJPt+HY6KhU7VZUL0fKZQ=",
        "owner": "numtide",
        "repo": "flake-utils",
        "rev": "1ed9fb1935d260de5fe1c2f7ee0ebaae17ed2fa1",
        "type": "github"
      },
      "original": {
        "owner": "numtide",
        "repo": "flake-utils",
        "type": "github"
      }
    }
  },
  "root": "root",
  "version": 7
}
